
Microsoft Visual Studio Solution File, Format Version 12.00
# Visual Studio Version 17
VisualStudioVersion = 17.11.35201.85
MinimumVisualStudioVersion = 10.0.40219.1
Project("{FAE04EC0-301F-11D3-BF4B-00C04F79EFBC}") = "pioneerTask", "pioneerTask\pioneerTask.csproj", "{1EB35F5F-055B-4BB4-9757-9068E70C2C27}"
EndProject
Project("{FAE04EC0-301F-11D3-BF4B-00C04F79EFBC}") = "Infrastructure", "Infrastructure\Infrastructure.csproj", "{7BE56F8D-AE0D-4B61-8A77-2D0F3E71BC46}"
EndProject
Project("{FAE04EC0-301F-11D3-BF4B-00C04F79EFBC}") = "pioneerTask.Entities", "pioneerTask.Entities\pioneerTask.Entities.csproj", "{5AC3B40D-8B2E-46AC-B2FB-5FA698F57E80}"
EndProject
Global
	GlobalSection(SolutionConfigurationPlatforms) = preSolution
		Debug|Any CPU = Debug|Any CPU
		Release|Any CPU = Release|Any CPU
	EndGlobalSection
	GlobalSection(ProjectConfigurationPlatforms) = postSolution
		{1EB35F5F-055B-4BB4-9757-9068E70C2C27}.Debug|Any CPU.ActiveCfg = Debug|Any CPU
		{1EB35F5F-055B-4BB4-9757-9068E70C2C27}.Debug|Any CPU.Build.0 = Debug|Any CPU
		{1EB35F5F-055B-4BB4-9757-9068E70C2C27}.Release|Any CPU.ActiveCfg = Release|Any CPU
		{1EB35F5F-055B-4BB4-9757-9068E70C2C27}.Release|Any CPU.Build.0 = Release|Any CPU
		{7BE56F8D-AE0D-4B61-8A77-2D0F3E71BC46}.Debug|Any CPU.ActiveCfg = Debug|Any CPU
		{7BE56F8D-AE0D-4B61-8A77-2D0F3E71BC46}.Debug|Any CPU.Build.0 = Debug|Any CPU
		{7BE56F8D-AE0D-4B61-8A77-2D0F3E71BC46}.Release|Any CPU.ActiveCfg = Release|Any CPU
		{7BE56F8D-AE0D-4B61-8A77-2D0F3E71BC46}.Release|Any CPU.Build.0 = Release|Any CPU
		{5AC3B40D-8B2E-46AC-B2FB-5FA698F57E80}.Debug|Any CPU.ActiveCfg = Debug|Any CPU
		{5AC3B40D-8B2E-46AC-B2FB-5FA698F57E80}.Debug|Any CPU.Build.0 = Debug|Any CPU
		{5AC3B40D-8B2E-46AC-B2FB-5FA698F57E80}.Release|Any CPU.ActiveCfg = Release|Any CPU
		{5AC3B40D-8B2E-46AC-B2FB-5FA698F57E80}.Release|Any CPU.Build.0 = Release|Any CPU
	EndGlobalSection
	GlobalSection(SolutionProperties) = preSolution
		HideSolutionNode = FALSE
	EndGlobalSection
	GlobalSection(ExtensibilityGlobals) = postSolution
		SolutionGuid = {FF639031-A6DE-4685-8573-985DFB658B05}
	EndGlobalSection
EndGlobal
